
Microsoft Visual Studio Solution File, Format Version 12.00
# Visual Studio 15
VisualStudioVersion = 15.0.27130.2003
MinimumVisualStudioVersion = 10.0.40219.1
Project("{FAE04EC0-301F-11D3-BF4B-00C04F79EFBC}") = "Kinematic", "Kinematic\Kinematic.csproj", "{DC09E55A-CD8F-4E52-9657-521A74EF2A69}"
EndProject
Project("{FAE04EC0-301F-11D3-BF4B-00C04F79EFBC}") = "KineDemo", "KineDemo\KineDemo.csproj", "{B7E7E785-F73D-4F67-9762-E913A464CAFB}"
EndProject
Global
	GlobalSection(SolutionConfigurationPlatforms) = preSolution
		Debug|Any CPU = Debug|Any CPU
		Release|Any CPU = Release|Any CPU
	EndGlobalSection
	GlobalSection(ProjectConfigurationPlatforms) = postSolution
		{DC09E55A-CD8F-4E52-9657-521A74EF2A69}.Debug|Any CPU.ActiveCfg = Debug|Any CPU
		{DC09E55A-CD8F-4E52-9657-521A74EF2A69}.Debug|Any CPU.Build.0 = Debug|Any CPU
		{DC09E55A-CD8F-4E52-9657-521A74EF2A69}.Release|Any CPU.ActiveCfg = Release|Any CPU
		{DC09E55A-CD8F-4E52-9657-521A74EF2A69}.Release|Any CPU.Build.0 = Release|Any CPU
		{B7E7E785-F73D-4F67-9762-E913A464CAFB}.Debug|Any CPU.ActiveCfg = Debug|Any CPU
		{B7E7E785-F73D-4F67-9762-E913A464CAFB}.Debug|Any CPU.Build.0 = Debug|Any CPU
		{B7E7E785-F73D-4F67-9762-E913A464CAFB}.Release|Any CPU.ActiveCfg = Release|Any CPU
		{B7E7E785-F73D-4F67-9762-E913A464CAFB}.Release|Any CPU.Build.0 = Release|Any CPU
	EndGlobalSection
	GlobalSection(SolutionProperties) = preSolution
		HideSolutionNode = FALSE
	EndGlobalSection
	GlobalSection(ExtensibilityGlobals) = postSolution
		SolutionGuid = {17C014C9-D66B-4C4E-854F-B14F7C34CAB1}
	EndGlobalSection
EndGlobal
